
Microsoft Visual Studio Solution File, Format Version 12.00
# Visual Studio 2012
Project("{2150E333-8FDC-42A3-9474-1A3956D46DE8}") = "Solution Items", "Solution Items", "{80CDD787-218C-41B3-8448-14E76649F8C6}"
	ProjectSection(SolutionItems) = preProject
		csql.FxCop = csql.FxCop
		CustomDictionary.xml = CustomDictionary.xml
		LocalTestRun.testrunconfig = LocalTestRun.testrunconfig
		profile_sqtpp.bat = profile_sqtpp.bat
		profile_sqtpp.psess = profile_sqtpp.psess
		profile_sqtpp_manual.bat = profile_sqtpp_manual.bat
		Settings.StyleCop = Settings.StyleCop
		sign.bat = sign.bat
		sqtpp-9.vsmdi = sqtpp-9.vsmdi
	EndProjectSection
EndProject
Project("{2150E333-8FDC-42A3-9474-1A3956D46DE8}") = "Build", "Build", "{AB73A413-C5B9-4698-9782-D7B4524C80D6}"
	ProjectSection(SolutionItems) = preProject
		Build\CommonBuildProperties.targets = Build\CommonBuildProperties.targets
	EndProjectSection
EndProject
Project("{8BC9CEB8-8B4A-11D0-8D11-00A0C91BC942}") = "sqtpp", "sqtpp\sqtpp-9.vcxproj", "{8B66DF77-727B-4CD9-A9EB-7459D539338C}"
EndProject
Project("{FAE04EC0-301F-11D3-BF4B-00C04F79EFBC}") = "csql.lib", "csql\csql.lib.csproj", "{804CB225-6ACE-4171-9FE1-85038F5A452F}"
EndProject
Project("{FAE04EC0-301F-11D3-BF4B-00C04F79EFBC}") = "csql.exe", "csql.exe\csql.exe.csproj", "{15B41BEB-03B7-4B88-A6FA-A97F65202B43}"
EndProject
Project("{FAE04EC0-301F-11D3-BF4B-00C04F79EFBC}") = "csql.addin", "csql.addin\csql.addin.csproj", "{37A22F40-1137-46F7-9260-B68CCFB1EA6E}"
EndProject
Project("{FAE04EC0-301F-11D3-BF4B-00C04F79EFBC}") = "csql.test", "csql.test\csql.test.csproj", "{067182C7-8A53-422C-AF0B-F0B4633E2C78}"
EndProject
Project("{8BC9CEB8-8B4A-11D0-8D11-00A0C91BC942}") = "sqtpp.test", "sqtpp.test\sqtpp.test.vcxproj", "{8B31549C-624D-4F80-B8BE-1EA0D50FC2A1}"
EndProject
Project("{FAE04EC0-301F-11D3-BF4B-00C04F79EFBC}") = "Setup.CustomActions", "setup.CustomActions\Setup.CustomActions.csproj", "{EC48F459-91DE-484D-AA12-14562C1DC38A}"
EndProject
Project("{54435603-DBB4-11D2-8724-00A0C9A8B90C}") = "setup", "setup\setup.vdproj", "{B9CB870E-8D1C-4165-B1C8-48ACCB38765D}"
EndProject
Project("{8BC9CEB8-8B4A-11D0-8D11-00A0C91BC942}") = "sqtpp.exe", "sqtpp.exe\sqtpp.exe.vcxproj", "{13F701CF-1674-40EE-B1F2-704C89F446A1}"
EndProject
Project("{FAE04EC0-301F-11D3-BF4B-00C04F79EFBC}") = "IntegrationTest", "IntegrationTest\IntegrationTest.csproj", "{3DC6D418-DF24-45F3-A0B2-E9E1833CCF5F}"
	ProjectSection(ProjectDependencies) = postProject
		{13F701CF-1674-40EE-B1F2-704C89F446A1} = {13F701CF-1674-40EE-B1F2-704C89F446A1}
	EndProjectSection
EndProject
Project("{FAE04EC0-301F-11D3-BF4B-00C04F79EFBC}") = "DbcProvider", "DbcProvider\DbcProvider.csproj", "{C404D769-C642-461B-A5C1-4295F5B7542C}"
EndProject
Project("{FAE04EC0-301F-11D3-BF4B-00C04F79EFBC}") = "DbcProvider.Test", "DbcProvider.Test\DbcProvider.Test.csproj", "{EDC57EAB-1AAF-463F-9925-6E3FD07B5151}"
EndProject
Project("{FAE04EC0-301F-11D3-BF4B-00C04F79EFBC}") = "DbcProvider.GuiTest", "DbcProvider.GuiTest\DbcProvider.GuiTest.csproj", "{FD081581-1F61-4127-8432-65FC15240D2C}"
EndProject
Project("{930C7802-8A8C-48F9-8165-68863BCCD9DD}") = "Setup.Installer", "Setup.Installer\Setup.Installer.wixproj", "{E3096FC8-FC13-44C7-961C-3B310255DB4B}"
EndProject
Global
	GlobalSection(TeamFoundationVersionControl) = preSolution
		SccNumberOfProjects = 15
		SccEnterpriseProvider = {4CA58AB2-18FA-4F8D-95D4-32DDF27D184C}
		SccTeamFoundationServer = https://tfs.codeplex.com/tfs/tfs08
		SccLocalPath0 = .
		SccProjectUniqueName1 = csql\\csql.lib.csproj
		SccProjectName1 = csql
		SccLocalPath1 = csql
		SccProjectUniqueName2 = csql.exe\\csql.exe.csproj
		SccProjectName2 = csql.exe
		SccLocalPath2 = csql.exe
		SccProjectUniqueName3 = csql.addin\\csql.addin.csproj
		SccProjectName3 = csql.addin
		SccLocalPath3 = csql.addin
		SccProjectUniqueName4 = csql.test\\csql.test.csproj
		SccProjectName4 = csql.test
		SccLocalPath4 = csql.test
		SccProjectUniqueName5 = setup.CustomActions\\Setup.CustomActions.csproj
		SccProjectName5 = setup.CustomActions
		SccLocalPath5 = setup.CustomActions
		SccProjectUniqueName6 = setup\\setup.vdproj
		SccProjectName6 = setup
		SccLocalPath6 = setup
		SccProjectUniqueName7 = IntegrationTest\\IntegrationTest.csproj
		SccProjectName7 = IntegrationTest
		SccLocalPath7 = IntegrationTest
		SccProjectUniqueName8 = DbcProvider\\DbcProvider.csproj
		SccProjectName8 = DbcProvider
		SccLocalPath8 = DbcProvider
		SccProjectUniqueName9 = DbcProvider.Test\\DbcProvider.Test.csproj
		SccProjectName9 = DbcProvider.Test
		SccLocalPath9 = DbcProvider.Test
		SccProjectUniqueName10 = DbcProvider.GuiTest\\DbcProvider.GuiTest.csproj
		SccProjectName10 = DbcProvider.GuiTest
		SccLocalPath10 = DbcProvider.GuiTest
		SccProjectUniqueName11 = sqtpp\\sqtpp-9.vcxproj
		SccProjectName11 = sqtpp
		SccLocalPath11 = sqtpp
		SccProjectUniqueName12 = sqtpp.test\\sqtpp.test.vcxproj
		SccProjectName12 = sqtpp.test
		SccLocalPath12 = sqtpp.test
		SccProjectUniqueName13 = sqtpp.exe\\sqtpp.exe.vcxproj
		SccProjectName13 = sqtpp.exe
		SccLocalPath13 = sqtpp.exe
		SccProjectUniqueName14 = Setup.Installer\\Setup.Installer.wixproj
		SccProjectName14 = Setup.Installer
		SccLocalPath14 = Setup.Installer
	EndGlobalSection
	GlobalSection(TestCaseManagementSettings) = postSolution
		CategoryFile = sqtpp-9.vsmdi
	EndGlobalSection
	GlobalSection(SolutionConfigurationPlatforms) = preSolution
		Debug|Any CPU = Debug|Any CPU
		Debug|Mixed Platforms = Debug|Mixed Platforms
		Debug|Win32 = Debug|Win32
		Debug|x64 = Debug|x64
		Debug|x86 = Debug|x86
		Deploy|Any CPU = Deploy|Any CPU
		Deploy|Mixed Platforms = Deploy|Mixed Platforms
		Deploy|Win32 = Deploy|Win32
		Deploy|x64 = Deploy|x64
		Deploy|x86 = Deploy|x86
		Release|Any CPU = Release|Any CPU
		Release|Mixed Platforms = Release|Mixed Platforms
		Release|Win32 = Release|Win32
		Release|x64 = Release|x64
		Release|x86 = Release|x86
	EndGlobalSection
	GlobalSection(ProjectConfigurationPlatforms) = postSolution
		{8B66DF77-727B-4CD9-A9EB-7459D539338C}.Debug|Any CPU.ActiveCfg = Debug|Win32
		{8B66DF77-727B-4CD9-A9EB-7459D539338C}.Debug|Any CPU.Build.0 = Debug|Win32
		{8B66DF77-727B-4CD9-A9EB-7459D539338C}.Debug|Mixed Platforms.ActiveCfg = Debug|Win32
		{8B66DF77-727B-4CD9-A9EB-7459D539338C}.Debug|Mixed Platforms.Build.0 = Debug|Win32
		{8B66DF77-727B-4CD9-A9EB-7459D539338C}.Debug|Win32.ActiveCfg = Debug|Win32
		{8B66DF77-727B-4CD9-A9EB-7459D539338C}.Debug|Win32.Build.0 = Debug|Win32
		{8B66DF77-727B-4CD9-A9EB-7459D539338C}.Debug|x64.ActiveCfg = Debug|x64
		{8B66DF77-727B-4CD9-A9EB-7459D539338C}.Debug|x64.Build.0 = Debug|x64
		{8B66DF77-727B-4CD9-A9EB-7459D539338C}.Debug|x86.ActiveCfg = Debug|Win32
		{8B66DF77-727B-4CD9-A9EB-7459D539338C}.Debug|x86.Build.0 = Debug|Win32
		{8B66DF77-727B-4CD9-A9EB-7459D539338C}.Deploy|Any CPU.ActiveCfg = Deploy|x64
		{8B66DF77-727B-4CD9-A9EB-7459D539338C}.Deploy|Mixed Platforms.ActiveCfg = Deploy|Win32
		{8B66DF77-727B-4CD9-A9EB-7459D539338C}.Deploy|Mixed Platforms.Build.0 = Deploy|Win32
		{8B66DF77-727B-4CD9-A9EB-7459D539338C}.Deploy|Win32.ActiveCfg = Deploy|Win32
		{8B66DF77-727B-4CD9-A9EB-7459D539338C}.Deploy|Win32.Build.0 = Deploy|Win32
		{8B66DF77-727B-4CD9-A9EB-7459D539338C}.Deploy|x64.ActiveCfg = Deploy|x64
		{8B66DF77-727B-4CD9-A9EB-7459D539338C}.Deploy|x64.Build.0 = Deploy|x64
		{8B66DF77-727B-4CD9-A9EB-7459D539338C}.Deploy|x86.ActiveCfg = Deploy|x64
		{8B66DF77-727B-4CD9-A9EB-7459D539338C}.Release|Any CPU.ActiveCfg = Release|Win32
		{8B66DF77-727B-4CD9-A9EB-7459D539338C}.Release|Any CPU.Build.0 = Release|Win32
		{8B66DF77-727B-4CD9-A9EB-7459D539338C}.Release|Mixed Platforms.ActiveCfg = Release|x64
		{8B66DF77-727B-4CD9-A9EB-7459D539338C}.Release|Mixed Platforms.Build.0 = Release|x64
		{8B66DF77-727B-4CD9-A9EB-7459D539338C}.Release|Win32.ActiveCfg = Release|Win32
		{8B66DF77-727B-4CD9-A9EB-7459D539338C}.Release|Win32.Build.0 = Release|Win32
		{8B66DF77-727B-4CD9-A9EB-7459D539338C}.Release|x64.ActiveCfg = Release|x64
		{8B66DF77-727B-4CD9-A9EB-7459D539338C}.Release|x64.Build.0 = Release|x64
		{8B66DF77-727B-4CD9-A9EB-7459D539338C}.Release|x86.ActiveCfg = Release|Win32
		{8B66DF77-727B-4CD9-A9EB-7459D539338C}.Release|x86.Build.0 = Release|Win32
		{804CB225-6ACE-4171-9FE1-85038F5A452F}.Debug|Any CPU.ActiveCfg = Debug|Any CPU
		{804CB225-6ACE-4171-9FE1-85038F5A452F}.Debug|Any CPU.Build.0 = Debug|Any CPU
		{804CB225-6ACE-4171-9FE1-85038F5A452F}.Debug|Mixed Platforms.ActiveCfg = Debug|Any CPU
		{804CB225-6ACE-4171-9FE1-85038F5A452F}.Debug|Mixed Platforms.Build.0 = Debug|Any CPU
		{804CB225-6ACE-4171-9FE1-85038F5A452F}.Debug|Win32.ActiveCfg = Debug|Any CPU
		{804CB225-6ACE-4171-9FE1-85038F5A452F}.Debug|x64.ActiveCfg = Debug|Any CPU
		{804CB225-6ACE-4171-9FE1-85038F5A452F}.Debug|x64.Build.0 = Debug|Any CPU
		{804CB225-6ACE-4171-9FE1-85038F5A452F}.Debug|x86.ActiveCfg = Debug|Any CPU
		{804CB225-6ACE-4171-9FE1-85038F5A452F}.Debug|x86.Build.0 = Debug|Any CPU
		{804CB225-6ACE-4171-9FE1-85038F5A452F}.Deploy|Any CPU.ActiveCfg = Deploy|Any CPU
		{804CB225-6ACE-4171-9FE1-85038F5A452F}.Deploy|Any CPU.Build.0 = Deploy|Any CPU
		{804CB225-6ACE-4171-9FE1-85038F5A452F}.Deploy|Mixed Platforms.ActiveCfg = Deploy|Any CPU
		{804CB225-6ACE-4171-9FE1-85038F5A452F}.Deploy|Mixed Platforms.Build.0 = Deploy|Any CPU
		{804CB225-6ACE-4171-9FE1-85038F5A452F}.Deploy|Win32.ActiveCfg = Deploy|Any CPU
		{804CB225-6ACE-4171-9FE1-85038F5A452F}.Deploy|x64.ActiveCfg = Deploy|Any CPU
		{804CB225-6ACE-4171-9FE1-85038F5A452F}.Deploy|x86.ActiveCfg = Deploy|Any CPU
		{804CB225-6ACE-4171-9FE1-85038F5A452F}.Release|Any CPU.ActiveCfg = Release|Any CPU
		{804CB225-6ACE-4171-9FE1-85038F5A452F}.Release|Any CPU.Build.0 = Release|Any CPU
		{804CB225-6ACE-4171-9FE1-85038F5A452F}.Release|Mixed Platforms.ActiveCfg = Release|Any CPU
		{804CB225-6ACE-4171-9FE1-85038F5A452F}.Release|Mixed Platforms.Build.0 = Release|Any CPU
		{804CB225-6ACE-4171-9FE1-85038F5A452F}.Release|Win32.ActiveCfg = Release|Any CPU
		{804CB225-6ACE-4171-9FE1-85038F5A452F}.Release|x64.ActiveCfg = Release|Any CPU
		{804CB225-6ACE-4171-9FE1-85038F5A452F}.Release|x64.Build.0 = Release|Any CPU
		{804CB225-6ACE-4171-9FE1-85038F5A452F}.Release|x86.ActiveCfg = Release|Any CPU
		{804CB225-6ACE-4171-9FE1-85038F5A452F}.Release|x86.Build.0 = Release|Any CPU
		{15B41BEB-03B7-4B88-A6FA-A97F65202B43}.Debug|Any CPU.ActiveCfg = Debug|Any CPU
		{15B41BEB-03B7-4B88-A6FA-A97F65202B43}.Debug|Any CPU.Build.0 = Debug|Any CPU
		{15B41BEB-03B7-4B88-A6FA-A97F65202B43}.Debug|Mixed Platforms.ActiveCfg = Debug|Any CPU
		{15B41BEB-03B7-4B88-A6FA-A97F65202B43}.Debug|Mixed Platforms.Build.0 = Debug|Any CPU
		{15B41BEB-03B7-4B88-A6FA-A97F65202B43}.Debug|Win32.ActiveCfg = Debug|Any CPU
		{15B41BEB-03B7-4B88-A6FA-A97F65202B43}.Debug|x64.ActiveCfg = Debug|Any CPU
		{15B41BEB-03B7-4B88-A6FA-A97F65202B43}.Debug|x64.Build.0 = Debug|Any CPU
		{15B41BEB-03B7-4B88-A6FA-A97F65202B43}.Debug|x86.ActiveCfg = Debug|Any CPU
		{15B41BEB-03B7-4B88-A6FA-A97F65202B43}.Debug|x86.Build.0 = Debug|Any CPU
		{15B41BEB-03B7-4B88-A6FA-A97F65202B43}.Deploy|Any CPU.ActiveCfg = Deploy|Any CPU
		{15B41BEB-03B7-4B88-A6FA-A97F65202B43}.Deploy|Any CPU.Build.0 = Deploy|Any CPU
		{15B41BEB-03B7-4B88-A6FA-A97F65202B43}.Deploy|Mixed Platforms.ActiveCfg = Deploy|Any CPU
		{15B41BEB-03B7-4B88-A6FA-A97F65202B43}.Deploy|Mixed Platforms.Build.0 = Deploy|Any CPU
		{15B41BEB-03B7-4B88-A6FA-A97F65202B43}.Deploy|Win32.ActiveCfg = Deploy|Any CPU
		{15B41BEB-03B7-4B88-A6FA-A97F65202B43}.Deploy|x64.ActiveCfg = Deploy|Any CPU
		{15B41BEB-03B7-4B88-A6FA-A97F65202B43}.Deploy|x86.ActiveCfg = Deploy|Any CPU
		{15B41BEB-03B7-4B88-A6FA-A97F65202B43}.Release|Any CPU.ActiveCfg = Release|Any CPU
		{15B41BEB-03B7-4B88-A6FA-A97F65202B43}.Release|Any CPU.Build.0 = Release|Any CPU
		{15B41BEB-03B7-4B88-A6FA-A97F65202B43}.Release|Mixed Platforms.ActiveCfg = Release|Any CPU
		{15B41BEB-03B7-4B88-A6FA-A97F65202B43}.Release|Mixed Platforms.Build.0 = Release|Any CPU
		{15B41BEB-03B7-4B88-A6FA-A97F65202B43}.Release|Win32.ActiveCfg = Release|Any CPU
		{15B41BEB-03B7-4B88-A6FA-A97F65202B43}.Release|x64.ActiveCfg = Release|Any CPU
		{15B41BEB-03B7-4B88-A6FA-A97F65202B43}.Release|x64.Build.0 = Release|Any CPU
		{15B41BEB-03B7-4B88-A6FA-A97F65202B43}.Release|x86.ActiveCfg = Release|Any CPU
		{15B41BEB-03B7-4B88-A6FA-A97F65202B43}.Release|x86.Build.0 = Release|Any CPU
		{37A22F40-1137-46F7-9260-B68CCFB1EA6E}.Debug|Any CPU.ActiveCfg = Debug|Any CPU
		{37A22F40-1137-46F7-9260-B68CCFB1EA6E}.Debug|Any CPU.Build.0 = Debug|Any CPU
		{37A22F40-1137-46F7-9260-B68CCFB1EA6E}.Debug|Mixed Platforms.ActiveCfg = Debug|Any CPU
		{37A22F40-1137-46F7-9260-B68CCFB1EA6E}.Debug|Mixed Platforms.Build.0 = Debug|Any CPU
		{37A22F40-1137-46F7-9260-B68CCFB1EA6E}.Debug|Win32.ActiveCfg = Debug|Any CPU
		{37A22F40-1137-46F7-9260-B68CCFB1EA6E}.Debug|x64.ActiveCfg = Debug|Any CPU
		{37A22F40-1137-46F7-9260-B68CCFB1EA6E}.Debug|x64.Build.0 = Debug|Any CPU
		{37A22F40-1137-46F7-9260-B68CCFB1EA6E}.Debug|x86.ActiveCfg = Debug|Any CPU
		{37A22F40-1137-46F7-9260-B68CCFB1EA6E}.Debug|x86.Build.0 = Debug|Any CPU
		{37A22F40-1137-46F7-9260-B68CCFB1EA6E}.Deploy|Any CPU.ActiveCfg = Deploy|Any CPU
		{37A22F40-1137-46F7-9260-B68CCFB1EA6E}.Deploy|Any CPU.Build.0 = Deploy|Any CPU
		{37A22F40-1137-46F7-9260-B68CCFB1EA6E}.Deploy|Mixed Platforms.ActiveCfg = Deploy|Any CPU
		{37A22F40-1137-46F7-9260-B68CCFB1EA6E}.Deploy|Mixed Platforms.Build.0 = Deploy|Any CPU
		{37A22F40-1137-46F7-9260-B68CCFB1EA6E}.Deploy|Win32.ActiveCfg = Deploy|Any CPU
		{37A22F40-1137-46F7-9260-B68CCFB1EA6E}.Deploy|x64.ActiveCfg = Deploy|Any CPU
		{37A22F40-1137-46F7-9260-B68CCFB1EA6E}.Deploy|x86.ActiveCfg = Deploy|Any CPU
		{37A22F40-1137-46F7-9260-B68CCFB1EA6E}.Release|Any CPU.ActiveCfg = Release|Any CPU
		{37A22F40-1137-46F7-9260-B68CCFB1EA6E}.Release|Any CPU.Build.0 = Release|Any CPU
		{37A22F40-1137-46F7-9260-B68CCFB1EA6E}.Release|Mixed Platforms.ActiveCfg = Release|Any CPU
		{37A22F40-1137-46F7-9260-B68CCFB1EA6E}.Release|Mixed Platforms.Build.0 = Release|Any CPU
		{37A22F40-1137-46F7-9260-B68CCFB1EA6E}.Release|Win32.ActiveCfg = Release|Any CPU
		{37A22F40-1137-46F7-9260-B68CCFB1EA6E}.Release|x64.ActiveCfg = Release|Any CPU
		{37A22F40-1137-46F7-9260-B68CCFB1EA6E}.Release|x64.Build.0 = Release|Any CPU
		{37A22F40-1137-46F7-9260-B68CCFB1EA6E}.Release|x86.ActiveCfg = Release|Any CPU
		{37A22F40-1137-46F7-9260-B68CCFB1EA6E}.Release|x86.Build.0 = Release|Any CPU
		{067182C7-8A53-422C-AF0B-F0B4633E2C78}.Debug|Any CPU.ActiveCfg = Debug|Any CPU
		{067182C7-8A53-422C-AF0B-F0B4633E2C78}.Debug|Any CPU.Build.0 = Debug|Any CPU
		{067182C7-8A53-422C-AF0B-F0B4633E2C78}.Debug|Mixed Platforms.ActiveCfg = Debug|Any CPU
		{067182C7-8A53-422C-AF0B-F0B4633E2C78}.Debug|Mixed Platforms.Build.0 = Debug|Any CPU
		{067182C7-8A53-422C-AF0B-F0B4633E2C78}.Debug|Win32.ActiveCfg = Debug|Any CPU
		{067182C7-8A53-422C-AF0B-F0B4633E2C78}.Debug|x64.ActiveCfg = Debug|Any CPU
		{067182C7-8A53-422C-AF0B-F0B4633E2C78}.Debug|x64.Build.0 = Debug|Any CPU
		{067182C7-8A53-422C-AF0B-F0B4633E2C78}.Debug|x86.ActiveCfg = Debug|Any CPU
		{067182C7-8A53-422C-AF0B-F0B4633E2C78}.Debug|x86.Build.0 = Debug|Any CPU
		{067182C7-8A53-422C-AF0B-F0B4633E2C78}.Deploy|Any CPU.ActiveCfg = Debug|Any CPU
		{067182C7-8A53-422C-AF0B-F0B4633E2C78}.Deploy|Any CPU.Build.0 = Debug|Any CPU
		{067182C7-8A53-422C-AF0B-F0B4633E2C78}.Deploy|Mixed Platforms.ActiveCfg = Release|Any CPU
		{067182C7-8A53-422C-AF0B-F0B4633E2C78}.Deploy|Win32.ActiveCfg = Debug|Any CPU
		{067182C7-8A53-422C-AF0B-F0B4633E2C78}.Deploy|x64.ActiveCfg = Debug|Any CPU
		{067182C7-8A53-422C-AF0B-F0B4633E2C78}.Deploy|x86.ActiveCfg = Debug|Any CPU
		{067182C7-8A53-422C-AF0B-F0B4633E2C78}.Release|Any CPU.ActiveCfg = Release|Any CPU
		{067182C7-8A53-422C-AF0B-F0B4633E2C78}.Release|Mixed Platforms.ActiveCfg = Release|Any CPU
		{067182C7-8A53-422C-AF0B-F0B4633E2C78}.Release|Win32.ActiveCfg = Release|Any CPU
		{067182C7-8A53-422C-AF0B-F0B4633E2C78}.Release|x64.ActiveCfg = Release|Any CPU
		{067182C7-8A53-422C-AF0B-F0B4633E2C78}.Release|x64.Build.0 = Release|Any CPU
		{067182C7-8A53-422C-AF0B-F0B4633E2C78}.Release|x86.ActiveCfg = Release|Any CPU
		{067182C7-8A53-422C-AF0B-F0B4633E2C78}.Release|x86.Build.0 = Release|Any CPU
		{8B31549C-624D-4F80-B8BE-1EA0D50FC2A1}.Debug|Any CPU.ActiveCfg = Debug|Win32
		{8B31549C-624D-4F80-B8BE-1EA0D50FC2A1}.Debug|Any CPU.Build.0 = Debug|Win32
		{8B31549C-624D-4F80-B8BE-1EA0D50FC2A1}.Debug|Mixed Platforms.ActiveCfg = Debug|Win32
		{8B31549C-624D-4F80-B8BE-1EA0D50FC2A1}.Debug|Mixed Platforms.Build.0 = Debug|Win32
		{8B31549C-624D-4F80-B8BE-1EA0D50FC2A1}.Debug|Win32.ActiveCfg = Debug|Win32
		{8B31549C-624D-4F80-B8BE-1EA0D50FC2A1}.Debug|Win32.Build.0 = Debug|Win32
		{8B31549C-624D-4F80-B8BE-1EA0D50FC2A1}.Debug|x64.ActiveCfg = Debug|Win32
		{8B31549C-624D-4F80-B8BE-1EA0D50FC2A1}.Debug|x64.Build.0 = Debug|Win32
		{8B31549C-624D-4F80-B8BE-1EA0D50FC2A1}.Debug|x86.ActiveCfg = Debug|Win32
		{8B31549C-624D-4F80-B8BE-1EA0D50FC2A1}.Debug|x86.Build.0 = Debug|Win32
		{8B31549C-624D-4F80-B8BE-1EA0D50FC2A1}.Deploy|Any CPU.ActiveCfg = Debug|Win32
		{8B31549C-624D-4F80-B8BE-1EA0D50FC2A1}.Deploy|Mixed Platforms.ActiveCfg = Debug|Win32
		{8B31549C-624D-4F80-B8BE-1EA0D50FC2A1}.Deploy|Win32.ActiveCfg = Debug|Win32
		{8B31549C-624D-4F80-B8BE-1EA0D50FC2A1}.Deploy|Win32.Build.0 = Debug|Win32
		{8B31549C-624D-4F80-B8BE-1EA0D50FC2A1}.Deploy|x64.ActiveCfg = Debug|Win32
		{8B31549C-624D-4F80-B8BE-1EA0D50FC2A1}.Deploy|x86.ActiveCfg = Debug|Win32
		{8B31549C-624D-4F80-B8BE-1EA0D50FC2A1}.Release|Any CPU.ActiveCfg = Debug|Win32
		{8B31549C-624D-4F80-B8BE-1EA0D50FC2A1}.Release|Mixed Platforms.ActiveCfg = Debug|Win32
		{8B31549C-624D-4F80-B8BE-1EA0D50FC2A1}.Release|Win32.ActiveCfg = Debug|Win32
		{8B31549C-624D-4F80-B8BE-1EA0D50FC2A1}.Release|Win32.Build.0 = Debug|Win32
		{8B31549C-624D-4F80-B8BE-1EA0D50FC2A1}.Release|x64.ActiveCfg = Debug|Win32
		{8B31549C-624D-4F80-B8BE-1EA0D50FC2A1}.Release|x86.ActiveCfg = Debug|Win32
		{EC48F459-91DE-484D-AA12-14562C1DC38A}.Debug|Any CPU.ActiveCfg = Debug|Any CPU
		{EC48F459-91DE-484D-AA12-14562C1DC38A}.Debug|Any CPU.Build.0 = Debug|Any CPU
		{EC48F459-91DE-484D-AA12-14562C1DC38A}.Debug|Mixed Platforms.ActiveCfg = Debug|Any CPU
		{EC48F459-91DE-484D-AA12-14562C1DC38A}.Debug|Win32.ActiveCfg = Debug|Any CPU
		{EC48F459-91DE-484D-AA12-14562C1DC38A}.Debug|x64.ActiveCfg = Debug|Any CPU
		{EC48F459-91DE-484D-AA12-14562C1DC38A}.Debug|x86.ActiveCfg = Debug|Any CPU
		{EC48F459-91DE-484D-AA12-14562C1DC38A}.Deploy|Any CPU.ActiveCfg = Deploy|Any CPU
		{EC48F459-91DE-484D-AA12-14562C1DC38A}.Deploy|Any CPU.Build.0 = Deploy|Any CPU
		{EC48F459-91DE-484D-AA12-14562C1DC38A}.Deploy|Mixed Platforms.ActiveCfg = Deploy|Any CPU
		{EC48F459-91DE-484D-AA12-14562C1DC38A}.Deploy|Mixed Platforms.Build.0 = Deploy|Any CPU
		{EC48F459-91DE-484D-AA12-14562C1DC38A}.Deploy|Win32.ActiveCfg = Deploy|Any CPU
		{EC48F459-91DE-484D-AA12-14562C1DC38A}.Deploy|x64.ActiveCfg = Deploy|Any CPU
		{EC48F459-91DE-484D-AA12-14562C1DC38A}.Deploy|x86.ActiveCfg = Deploy|Any CPU
		{EC48F459-91DE-484D-AA12-14562C1DC38A}.Release|Any CPU.ActiveCfg = Release|Any CPU
		{EC48F459-91DE-484D-AA12-14562C1DC38A}.Release|Any CPU.Build.0 = Release|Any CPU
		{EC48F459-91DE-484D-AA12-14562C1DC38A}.Release|Mixed Platforms.ActiveCfg = Release|Any CPU
		{EC48F459-91DE-484D-AA12-14562C1DC38A}.Release|Mixed Platforms.Build.0 = Release|Any CPU
		{EC48F459-91DE-484D-AA12-14562C1DC38A}.Release|Win32.ActiveCfg = Release|Any CPU
		{EC48F459-91DE-484D-AA12-14562C1DC38A}.Release|x64.ActiveCfg = Release|Any CPU
		{EC48F459-91DE-484D-AA12-14562C1DC38A}.Release|x86.ActiveCfg = Release|Any CPU
		{EC48F459-91DE-484D-AA12-14562C1DC38A}.Release|x86.Build.0 = Release|Any CPU
		{B9CB870E-8D1C-4165-B1C8-48ACCB38765D}.Debug|Any CPU.ActiveCfg = Debug
		{B9CB870E-8D1C-4165-B1C8-48ACCB38765D}.Debug|Mixed Platforms.ActiveCfg = Debug
		{B9CB870E-8D1C-4165-B1C8-48ACCB38765D}.Debug|Win32.ActiveCfg = Debug
		{B9CB870E-8D1C-4165-B1C8-48ACCB38765D}.Debug|Win32.Build.0 = Debug
		{B9CB870E-8D1C-4165-B1C8-48ACCB38765D}.Debug|x64.ActiveCfg = Debug
		{B9CB870E-8D1C-4165-B1C8-48ACCB38765D}.Debug|x64.Build.0 = Debug
		{B9CB870E-8D1C-4165-B1C8-48ACCB38765D}.Debug|x86.ActiveCfg = Debug
		{B9CB870E-8D1C-4165-B1C8-48ACCB38765D}.Debug|x86.Build.0 = Debug
		{B9CB870E-8D1C-4165-B1C8-48ACCB38765D}.Deploy|Any CPU.ActiveCfg = Deploy
		{B9CB870E-8D1C-4165-B1C8-48ACCB38765D}.Deploy|Any CPU.Build.0 = Deploy
		{B9CB870E-8D1C-4165-B1C8-48ACCB38765D}.Deploy|Mixed Platforms.ActiveCfg = Deploy
		{B9CB870E-8D1C-4165-B1C8-48ACCB38765D}.Deploy|Mixed Platforms.Build.0 = Deploy
		{B9CB870E-8D1C-4165-B1C8-48ACCB38765D}.Deploy|Win32.ActiveCfg = Deploy
		{B9CB870E-8D1C-4165-B1C8-48ACCB38765D}.Deploy|Win32.Build.0 = Deploy
		{B9CB870E-8D1C-4165-B1C8-48ACCB38765D}.Deploy|x64.ActiveCfg = Deploy
		{B9CB870E-8D1C-4165-B1C8-48ACCB38765D}.Deploy|x64.Build.0 = Deploy
		{B9CB870E-8D1C-4165-B1C8-48ACCB38765D}.Deploy|x86.ActiveCfg = Deploy
		{B9CB870E-8D1C-4165-B1C8-48ACCB38765D}.Deploy|x86.Build.0 = Deploy
		{B9CB870E-8D1C-4165-B1C8-48ACCB38765D}.Release|Any CPU.ActiveCfg = Release
		{B9CB870E-8D1C-4165-B1C8-48ACCB38765D}.Release|Any CPU.Build.0 = Release
		{B9CB870E-8D1C-4165-B1C8-48ACCB38765D}.Release|Mixed Platforms.ActiveCfg = Release
		{B9CB870E-8D1C-4165-B1C8-48ACCB38765D}.Release|Mixed Platforms.Build.0 = Release
		{B9CB870E-8D1C-4165-B1C8-48ACCB38765D}.Release|Win32.ActiveCfg = Release
		{B9CB870E-8D1C-4165-B1C8-48ACCB38765D}.Release|Win32.Build.0 = Release
		{B9CB870E-8D1C-4165-B1C8-48ACCB38765D}.Release|x64.ActiveCfg = Release
		{B9CB870E-8D1C-4165-B1C8-48ACCB38765D}.Release|x64.Build.0 = Release
		{B9CB870E-8D1C-4165-B1C8-48ACCB38765D}.Release|x86.ActiveCfg = Release
		{B9CB870E-8D1C-4165-B1C8-48ACCB38765D}.Release|x86.Build.0 = Release
		{13F701CF-1674-40EE-B1F2-704C89F446A1}.Debug|Any CPU.ActiveCfg = Debug|Win32
		{13F701CF-1674-40EE-B1F2-704C89F446A1}.Debug|Any CPU.Build.0 = Debug|Win32
		{13F701CF-1674-40EE-B1F2-704C89F446A1}.Debug|Mixed Platforms.ActiveCfg = Debug|Win32
		{13F701CF-1674-40EE-B1F2-704C89F446A1}.Debug|Mixed Platforms.Build.0 = Debug|Win32
		{13F701CF-1674-40EE-B1F2-704C89F446A1}.Debug|Win32.ActiveCfg = Debug|Win32
		{13F701CF-1674-40EE-B1F2-704C89F446A1}.Debug|Win32.Build.0 = Debug|Win32
		{13F701CF-1674-40EE-B1F2-704C89F446A1}.Debug|x64.ActiveCfg = Debug|Win32
		{13F701CF-1674-40EE-B1F2-704C89F446A1}.Debug|x86.ActiveCfg = Debug|Win32
		{13F701CF-1674-40EE-B1F2-704C89F446A1}.Deploy|Any CPU.ActiveCfg = Deploy|x64
		{13F701CF-1674-40EE-B1F2-704C89F446A1}.Deploy|Mixed Platforms.ActiveCfg = Deploy|Win32
		{13F701CF-1674-40EE-B1F2-704C89F446A1}.Deploy|Mixed Platforms.Build.0 = Deploy|Win32
		{13F701CF-1674-40EE-B1F2-704C89F446A1}.Deploy|Win32.ActiveCfg = Deploy|Win32
		{13F701CF-1674-40EE-B1F2-704C89F446A1}.Deploy|Win32.Build.0 = Deploy|Win32
		{13F701CF-1674-40EE-B1F2-704C89F446A1}.Deploy|x64.ActiveCfg = Deploy|x64
		{13F701CF-1674-40EE-B1F2-704C89F446A1}.Deploy|x64.Build.0 = Deploy|x64
		{13F701CF-1674-40EE-B1F2-704C89F446A1}.Deploy|x86.ActiveCfg = Deploy|x64
		{13F701CF-1674-40EE-B1F2-704C89F446A1}.Release|Any CPU.ActiveCfg = Release|Win32
		{13F701CF-1674-40EE-B1F2-704C89F446A1}.Release|Any CPU.Build.0 = Release|Win32
		{13F701CF-1674-40EE-B1F2-704C89F446A1}.Release|Mixed Platforms.ActiveCfg = Release|x64
		{13F701CF-1674-40EE-B1F2-704C89F446A1}.Release|Mixed Platforms.Build.0 = Release|x64
		{13F701CF-1674-40EE-B1F2-704C89F446A1}.Release|Win32.ActiveCfg = Release|Win32
		{13F701CF-1674-40EE-B1F2-704C89F446A1}.Release|Win32.Build.0 = Release|Win32
		{13F701CF-1674-40EE-B1F2-704C89F446A1}.Release|x64.ActiveCfg = Release|x64
		{13F701CF-1674-40EE-B1F2-704C89F446A1}.Release|x64.Build.0 = Release|x64
		{13F701CF-1674-40EE-B1F2-704C89F446A1}.Release|x86.ActiveCfg = Release|Win32
		{13F701CF-1674-40EE-B1F2-704C89F446A1}.Release|x86.Build.0 = Release|Win32
		{3DC6D418-DF24-45F3-A0B2-E9E1833CCF5F}.Debug|Any CPU.ActiveCfg = Debug|Any CPU
		{3DC6D418-DF24-45F3-A0B2-E9E1833CCF5F}.Debug|Any CPU.Build.0 = Debug|Any CPU
		{3DC6D418-DF24-45F3-A0B2-E9E1833CCF5F}.Debug|Mixed Platforms.ActiveCfg = Debug|Any CPU
		{3DC6D418-DF24-45F3-A0B2-E9E1833CCF5F}.Debug|Mixed Platforms.Build.0 = Debug|Any CPU
		{3DC6D418-DF24-45F3-A0B2-E9E1833CCF5F}.Debug|Win32.ActiveCfg = Debug|Any CPU
		{3DC6D418-DF24-45F3-A0B2-E9E1833CCF5F}.Debug|x64.ActiveCfg = Debug|Any CPU
		{3DC6D418-DF24-45F3-A0B2-E9E1833CCF5F}.Debug|x86.ActiveCfg = Debug|Any CPU
		{3DC6D418-DF24-45F3-A0B2-E9E1833CCF5F}.Deploy|Any CPU.ActiveCfg = Debug|Any CPU
		{3DC6D418-DF24-45F3-A0B2-E9E1833CCF5F}.Deploy|Any CPU.Build.0 = Debug|Any CPU
		{3DC6D418-DF24-45F3-A0B2-E9E1833CCF5F}.Deploy|Mixed Platforms.ActiveCfg = Release|Any CPU
		{3DC6D418-DF24-45F3-A0B2-E9E1833CCF5F}.Deploy|Win32.ActiveCfg = Debug|Any CPU
		{3DC6D418-DF24-45F3-A0B2-E9E1833CCF5F}.Deploy|x64.ActiveCfg = Debug|Any CPU
		{3DC6D418-DF24-45F3-A0B2-E9E1833CCF5F}.Deploy|x86.ActiveCfg = Debug|Any CPU
		{3DC6D418-DF24-45F3-A0B2-E9E1833CCF5F}.Release|Any CPU.ActiveCfg = Release|Any CPU
		{3DC6D418-DF24-45F3-A0B2-E9E1833CCF5F}.Release|Any CPU.Build.0 = Release|Any CPU
		{3DC6D418-DF24-45F3-A0B2-E9E1833CCF5F}.Release|Mixed Platforms.ActiveCfg = Release|Any CPU
		{3DC6D418-DF24-45F3-A0B2-E9E1833CCF5F}.Release|Win32.ActiveCfg = Release|Any CPU
		{3DC6D418-DF24-45F3-A0B2-E9E1833CCF5F}.Release|x64.ActiveCfg = Release|Any CPU
		{3DC6D418-DF24-45F3-A0B2-E9E1833CCF5F}.Release|x86.ActiveCfg = Release|Any CPU
		{C404D769-C642-461B-A5C1-4295F5B7542C}.Debug|Any CPU.ActiveCfg = Debug|Any CPU
		{C404D769-C642-461B-A5C1-4295F5B7542C}.Debug|Any CPU.Build.0 = Debug|Any CPU
		{C404D769-C642-461B-A5C1-4295F5B7542C}.Debug|Mixed Platforms.ActiveCfg = Debug|Any CPU
		{C404D769-C642-461B-A5C1-4295F5B7542C}.Debug|Mixed Platforms.Build.0 = Debug|Any CPU
		{C404D769-C642-461B-A5C1-4295F5B7542C}.Debug|Win32.ActiveCfg = Debug|Any CPU
		{C404D769-C642-461B-A5C1-4295F5B7542C}.Debug|x64.ActiveCfg = Debug|Any CPU
		{C404D769-C642-461B-A5C1-4295F5B7542C}.Debug|x86.ActiveCfg = Debug|Any CPU
		{C404D769-C642-461B-A5C1-4295F5B7542C}.Deploy|Any CPU.ActiveCfg = Deploy|Any CPU
		{C404D769-C642-461B-A5C1-4295F5B7542C}.Deploy|Any CPU.Build.0 = Deploy|Any CPU
		{C404D769-C642-461B-A5C1-4295F5B7542C}.Deploy|Mixed Platforms.ActiveCfg = Deploy|Any CPU
		{C404D769-C642-461B-A5C1-4295F5B7542C}.Deploy|Mixed Platforms.Build.0 = Deploy|Any CPU
		{C404D769-C642-461B-A5C1-4295F5B7542C}.Deploy|Win32.ActiveCfg = Deploy|Any CPU
		{C404D769-C642-461B-A5C1-4295F5B7542C}.Deploy|x64.ActiveCfg = Deploy|Any CPU
		{C404D769-C642-461B-A5C1-4295F5B7542C}.Deploy|x86.ActiveCfg = Deploy|Any CPU
		{C404D769-C642-461B-A5C1-4295F5B7542C}.Release|Any CPU.ActiveCfg = Release|Any CPU
		{C404D769-C642-461B-A5C1-4295F5B7542C}.Release|Any CPU.Build.0 = Release|Any CPU
		{C404D769-C642-461B-A5C1-4295F5B7542C}.Release|Mixed Platforms.ActiveCfg = Release|Any CPU
		{C404D769-C642-461B-A5C1-4295F5B7542C}.Release|Mixed Platforms.Build.0 = Release|Any CPU
		{C404D769-C642-461B-A5C1-4295F5B7542C}.Release|Win32.ActiveCfg = Release|Any CPU
		{C404D769-C642-461B-A5C1-4295F5B7542C}.Release|x64.ActiveCfg = Release|Any CPU
		{C404D769-C642-461B-A5C1-4295F5B7542C}.Release|x86.ActiveCfg = Release|Any CPU
		{EDC57EAB-1AAF-463F-9925-6E3FD07B5151}.Debug|Any CPU.ActiveCfg = Debug|Any CPU
		{EDC57EAB-1AAF-463F-9925-6E3FD07B5151}.Debug|Any CPU.Build.0 = Debug|Any CPU
		{EDC57EAB-1AAF-463F-9925-6E3FD07B5151}.Debug|Mixed Platforms.ActiveCfg = Debug|Any CPU
		{EDC57EAB-1AAF-463F-9925-6E3FD07B5151}.Debug|Mixed Platforms.Build.0 = Debug|Any CPU
		{EDC57EAB-1AAF-463F-9925-6E3FD07B5151}.Debug|Win32.ActiveCfg = Debug|Any CPU
		{EDC57EAB-1AAF-463F-9925-6E3FD07B5151}.Debug|x64.ActiveCfg = Debug|Any CPU
		{EDC57EAB-1AAF-463F-9925-6E3FD07B5151}.Debug|x86.ActiveCfg = Debug|Any CPU
		{EDC57EAB-1AAF-463F-9925-6E3FD07B5151}.Deploy|Any CPU.ActiveCfg = Debug|Any CPU
		{EDC57EAB-1AAF-463F-9925-6E3FD07B5151}.Deploy|Any CPU.Build.0 = Debug|Any CPU
		{EDC57EAB-1AAF-463F-9925-6E3FD07B5151}.Deploy|Mixed Platforms.ActiveCfg = Release|Any CPU
		{EDC57EAB-1AAF-463F-9925-6E3FD07B5151}.Deploy|Win32.ActiveCfg = Debug|Any CPU
		{EDC57EAB-1AAF-463F-9925-6E3FD07B5151}.Deploy|x64.ActiveCfg = Debug|Any CPU
		{EDC57EAB-1AAF-463F-9925-6E3FD07B5151}.Deploy|x86.ActiveCfg = Debug|Any CPU
		{EDC57EAB-1AAF-463F-9925-6E3FD07B5151}.Release|Any CPU.ActiveCfg = Release|Any CPU
		{EDC57EAB-1AAF-463F-9925-6E3FD07B5151}.Release|Any CPU.Build.0 = Release|Any CPU
		{EDC57EAB-1AAF-463F-9925-6E3FD07B5151}.Release|Mixed Platforms.ActiveCfg = Release|Any CPU
		{EDC57EAB-1AAF-463F-9925-6E3FD07B5151}.Release|Win32.ActiveCfg = Release|Any CPU
		{EDC57EAB-1AAF-463F-9925-6E3FD07B5151}.Release|x64.ActiveCfg = Release|Any CPU
		{EDC57EAB-1AAF-463F-9925-6E3FD07B5151}.Release|x86.ActiveCfg = Release|Any CPU
		{FD081581-1F61-4127-8432-65FC15240D2C}.Debug|Any CPU.ActiveCfg = Debug|Any CPU
		{FD081581-1F61-4127-8432-65FC15240D2C}.Debug|Any CPU.Build.0 = Debug|Any CPU
		{FD081581-1F61-4127-8432-65FC15240D2C}.Debug|Mixed Platforms.ActiveCfg = Debug|Any CPU
		{FD081581-1F61-4127-8432-65FC15240D2C}.Debug|Mixed Platforms.Build.0 = Debug|Any CPU
		{FD081581-1F61-4127-8432-65FC15240D2C}.Debug|Win32.ActiveCfg = Debug|Any CPU
		{FD081581-1F61-4127-8432-65FC15240D2C}.Debug|x64.ActiveCfg = Debug|Any CPU
		{FD081581-1F61-4127-8432-65FC15240D2C}.Debug|x86.ActiveCfg = Debug|Any CPU
		{FD081581-1F61-4127-8432-65FC15240D2C}.Deploy|Any CPU.ActiveCfg = Debug|Any CPU
		{FD081581-1F61-4127-8432-65FC15240D2C}.Deploy|Any CPU.Build.0 = Debug|Any CPU
		{FD081581-1F61-4127-8432-65FC15240D2C}.Deploy|Mixed Platforms.ActiveCfg = Release|Any CPU
		{FD081581-1F61-4127-8432-65FC15240D2C}.Deploy|Win32.ActiveCfg = Debug|Any CPU
		{FD081581-1F61-4127-8432-65FC15240D2C}.Deploy|x64.ActiveCfg = Debug|Any CPU
		{FD081581-1F61-4127-8432-65FC15240D2C}.Deploy|x86.ActiveCfg = Debug|Any CPU
		{FD081581-1F61-4127-8432-65FC15240D2C}.Release|Any CPU.ActiveCfg = Release|Any CPU
		{FD081581-1F61-4127-8432-65FC15240D2C}.Release|Any CPU.Build.0 = Release|Any CPU
		{FD081581-1F61-4127-8432-65FC15240D2C}.Release|Mixed Platforms.ActiveCfg = Release|Any CPU
		{FD081581-1F61-4127-8432-65FC15240D2C}.Release|Win32.ActiveCfg = Release|Any CPU
		{FD081581-1F61-4127-8432-65FC15240D2C}.Release|x64.ActiveCfg = Release|Any CPU
		{FD081581-1F61-4127-8432-65FC15240D2C}.Release|x86.ActiveCfg = Release|Any CPU
		{E3096FC8-FC13-44C7-961C-3B310255DB4B}.Debug|Any CPU.ActiveCfg = Debug|x86
		{E3096FC8-FC13-44C7-961C-3B310255DB4B}.Debug|Mixed Platforms.ActiveCfg = Debug|x86
		{E3096FC8-FC13-44C7-961C-3B310255DB4B}.Debug|Mixed Platforms.Build.0 = Debug|x86
		{E3096FC8-FC13-44C7-961C-3B310255DB4B}.Debug|Win32.ActiveCfg = Debug|x86
		{E3096FC8-FC13-44C7-961C-3B310255DB4B}.Debug|Win32.Build.0 = Debug|x86
		{E3096FC8-FC13-44C7-961C-3B310255DB4B}.Debug|x64.ActiveCfg = Debug|x86
		{E3096FC8-FC13-44C7-961C-3B310255DB4B}.Debug|x86.ActiveCfg = Debug|x86
		{E3096FC8-FC13-44C7-961C-3B310255DB4B}.Debug|x86.Build.0 = Debug|x86
		{E3096FC8-FC13-44C7-961C-3B310255DB4B}.Deploy|Any CPU.ActiveCfg = Debug|x86
		{E3096FC8-FC13-44C7-961C-3B310255DB4B}.Deploy|Mixed Platforms.ActiveCfg = Debug|x86
		{E3096FC8-FC13-44C7-961C-3B310255DB4B}.Deploy|Mixed Platforms.Build.0 = Debug|x86
		{E3096FC8-FC13-44C7-961C-3B310255DB4B}.Deploy|Win32.ActiveCfg = Debug|x86
		{E3096FC8-FC13-44C7-961C-3B310255DB4B}.Deploy|Win32.Build.0 = Debug|x86
		{E3096FC8-FC13-44C7-961C-3B310255DB4B}.Deploy|x64.ActiveCfg = Debug|x86
		{E3096FC8-FC13-44C7-961C-3B310255DB4B}.Deploy|x86.ActiveCfg = Debug|x86
		{E3096FC8-FC13-44C7-961C-3B310255DB4B}.Deploy|x86.Build.0 = Debug|x86
		{E3096FC8-FC13-44C7-961C-3B310255DB4B}.Release|Any CPU.ActiveCfg = Release|x86
		{E3096FC8-FC13-44C7-961C-3B310255DB4B}.Release|Mixed Platforms.ActiveCfg = Release|x86
		{E3096FC8-FC13-44C7-961C-3B310255DB4B}.Release|Mixed Platforms.Build.0 = Release|x86
		{E3096FC8-FC13-44C7-961C-3B310255DB4B}.Release|Win32.ActiveCfg = Release|x86
		{E3096FC8-FC13-44C7-961C-3B310255DB4B}.Release|Win32.Build.0 = Release|x86
		{E3096FC8-FC13-44C7-961C-3B310255DB4B}.Release|x64.ActiveCfg = Release|x86
		{E3096FC8-FC13-44C7-961C-3B310255DB4B}.Release|x86.ActiveCfg = Release|x86
		{E3096FC8-FC13-44C7-961C-3B310255DB4B}.Release|x86.Build.0 = Release|x86
	EndGlobalSection
	GlobalSection(SolutionProperties) = preSolution
		HideSolutionNode = FALSE
	EndGlobalSection
	GlobalSection(NestedProjects) = preSolution
		{AB73A413-C5B9-4698-9782-D7B4524C80D6} = {80CDD787-218C-41B3-8448-14E76649F8C6}
	EndGlobalSection
	GlobalSection(Performance) = preSolution
		HasPerformanceSessions = true
	EndGlobalSection
EndGlobal
