
Microsoft Visual Studio Solution File, Format Version 10.00
# Visual Studio 2008
Project("{8BC9CEB8-8B4A-11D0-8D11-00A0C91BC942}") = "sqtpp", "sqtpp\sqtpp-9.vcproj", "{8B66DF77-727B-4CD9-A9EB-7459D539338C}"
EndProject
Project("{2150E333-8FDC-42A3-9474-1A3956D46DE8}") = "Solution Items", "Solution Items", "{80CDD787-218C-41B3-8448-14E76649F8C6}"
	ProjectSection(SolutionItems) = preProject
		configfile.bsql = configfile.bsql
		LocalTestRun.testrunconfig = LocalTestRun.testrunconfig
		profile_sqtpp.bat = profile_sqtpp.bat
		sqtpp-9.vsmdi = sqtpp-9.vsmdi
	EndProjectSection
EndProject
Project("{FAE04EC0-301F-11D3-BF4B-00C04F79EFBC}") = "csql.lib", "csql\csql.lib.csproj", "{804CB225-6ACE-4171-9FE1-85038F5A452F}"
EndProject
Project("{FAE04EC0-301F-11D3-BF4B-00C04F79EFBC}") = "csql.exe", "csql.exe\csql.exe.csproj", "{15B41BEB-03B7-4B88-A6FA-A97F65202B43}"
EndProject
Project("{FAE04EC0-301F-11D3-BF4B-00C04F79EFBC}") = "csql.addin", "csql.addin\csql.addin.csproj", "{37A22F40-1137-46F7-9260-B68CCFB1EA6E}"
EndProject
Project("{FAE04EC0-301F-11D3-BF4B-00C04F79EFBC}") = "csql.test", "csql.test\csql.test.csproj", "{067182C7-8A53-422C-AF0B-F0B4633E2C78}"
EndProject
Project("{8BC9CEB8-8B4A-11D0-8D11-00A0C91BC942}") = "sqtpp.test", "sqtpp.test\sqtpp.test.vcproj", "{8B31549C-624D-4F80-B8BE-1EA0D50FC2A1}"
	ProjectSection(ProjectDependencies) = postProject
		{8B66DF77-727B-4CD9-A9EB-7459D539338C} = {8B66DF77-727B-4CD9-A9EB-7459D539338C}
	EndProjectSection
EndProject
Project("{FAE04EC0-301F-11D3-BF4B-00C04F79EFBC}") = "setup.CustomActions", "setup.CustomActions\setup.CustomActions.csproj", "{EC48F459-91DE-484D-AA12-14562C1DC38A}"
EndProject
Project("{54435603-DBB4-11D2-8724-00A0C9A8B90C}") = "setup", "setup\setup.vdproj", "{B9CB870E-8D1C-4165-B1C8-48ACCB38765D}"
EndProject
Global
	GlobalSection(TeamFoundationVersionControl) = preSolution
		SccNumberOfProjects = 9
		SccEnterpriseProvider = {4CA58AB2-18FA-4F8D-95D4-32DDF27D184C}
		SccTeamFoundationServer = https://tfs08.codeplex.com/
		SccLocalPath0 = .
		SccProjectUniqueName1 = sqtpp\\sqtpp-9.vcproj
		SccProjectName1 = sqtpp
		SccLocalPath1 = sqtpp
		SccProjectUniqueName2 = csql.exe\\csql.exe.csproj
		SccProjectName2 = csql.exe
		SccLocalPath2 = csql.exe
		SccProjectUniqueName3 = csql.addin\\csql.addin.csproj
		SccProjectName3 = csql.addin
		SccLocalPath3 = csql.addin
		SccProjectUniqueName4 = csql\\csql.lib.csproj
		SccProjectName4 = csql
		SccLocalPath4 = csql
		SccProjectUniqueName5 = csql.test\\csql.test.csproj
		SccProjectName5 = csql.test
		SccLocalPath5 = csql.test
		SccProjectUniqueName6 = sqtpp.test\\sqtpp.test.vcproj
		SccProjectName6 = sqtpp.test
		SccLocalPath6 = sqtpp.test
		SccProjectUniqueName7 = setup.CustomActions\\setup.CustomActions.csproj
		SccProjectName7 = setup.CustomActions
		SccLocalPath7 = setup.CustomActions
		SccProjectUniqueName8 = setup\\setup.vdproj
		SccProjectName8 = setup
		SccLocalPath8 = setup
	EndGlobalSection
	GlobalSection(TestCaseManagementSettings) = postSolution
		CategoryFile = sqtpp-9.vsmdi
	EndGlobalSection
	GlobalSection(SolutionConfigurationPlatforms) = preSolution
		Debug|Any CPU = Debug|Any CPU
		Debug|Mixed Platforms = Debug|Mixed Platforms
		Debug|x64 = Debug|x64
		Debug|x86 = Debug|x86
		Release|Any CPU = Release|Any CPU
		Release|Mixed Platforms = Release|Mixed Platforms
		Release|x64 = Release|x64
		Release|x86 = Release|x86
	EndGlobalSection
	GlobalSection(ProjectConfigurationPlatforms) = postSolution
		{8B66DF77-727B-4CD9-A9EB-7459D539338C}.Debug|Any CPU.ActiveCfg = Debug|x64
		{8B66DF77-727B-4CD9-A9EB-7459D539338C}.Debug|Mixed Platforms.ActiveCfg = Debug|Win32
		{8B66DF77-727B-4CD9-A9EB-7459D539338C}.Debug|Mixed Platforms.Build.0 = Debug|Win32
		{8B66DF77-727B-4CD9-A9EB-7459D539338C}.Debug|x64.ActiveCfg = Debug|x64
		{8B66DF77-727B-4CD9-A9EB-7459D539338C}.Debug|x64.Build.0 = Debug|x64
		{8B66DF77-727B-4CD9-A9EB-7459D539338C}.Debug|x86.ActiveCfg = Debug|Win32
		{8B66DF77-727B-4CD9-A9EB-7459D539338C}.Debug|x86.Build.0 = Debug|Win32
		{8B66DF77-727B-4CD9-A9EB-7459D539338C}.Release|Any CPU.ActiveCfg = Release|x64
		{8B66DF77-727B-4CD9-A9EB-7459D539338C}.Release|Mixed Platforms.ActiveCfg = Release|Win32
		{8B66DF77-727B-4CD9-A9EB-7459D539338C}.Release|Mixed Platforms.Build.0 = Release|Win32
		{8B66DF77-727B-4CD9-A9EB-7459D539338C}.Release|x64.ActiveCfg = Release|x64
		{8B66DF77-727B-4CD9-A9EB-7459D539338C}.Release|x64.Build.0 = Release|x64
		{8B66DF77-727B-4CD9-A9EB-7459D539338C}.Release|x86.ActiveCfg = Release|Win32
		{8B66DF77-727B-4CD9-A9EB-7459D539338C}.Release|x86.Build.0 = Release|Win32
		{804CB225-6ACE-4171-9FE1-85038F5A452F}.Debug|Any CPU.ActiveCfg = Debug|Any CPU
		{804CB225-6ACE-4171-9FE1-85038F5A452F}.Debug|Any CPU.Build.0 = Debug|Any CPU
		{804CB225-6ACE-4171-9FE1-85038F5A452F}.Debug|Mixed Platforms.ActiveCfg = Debug|Any CPU
		{804CB225-6ACE-4171-9FE1-85038F5A452F}.Debug|Mixed Platforms.Build.0 = Debug|Any CPU
		{804CB225-6ACE-4171-9FE1-85038F5A452F}.Debug|x64.ActiveCfg = Debug|Any CPU
		{804CB225-6ACE-4171-9FE1-85038F5A452F}.Debug|x64.Build.0 = Debug|Any CPU
		{804CB225-6ACE-4171-9FE1-85038F5A452F}.Debug|x86.ActiveCfg = Debug|Any CPU
		{804CB225-6ACE-4171-9FE1-85038F5A452F}.Debug|x86.Build.0 = Debug|Any CPU
		{804CB225-6ACE-4171-9FE1-85038F5A452F}.Release|Any CPU.ActiveCfg = Release|Any CPU
		{804CB225-6ACE-4171-9FE1-85038F5A452F}.Release|Any CPU.Build.0 = Release|Any CPU
		{804CB225-6ACE-4171-9FE1-85038F5A452F}.Release|Mixed Platforms.ActiveCfg = Release|Any CPU
		{804CB225-6ACE-4171-9FE1-85038F5A452F}.Release|Mixed Platforms.Build.0 = Release|Any CPU
		{804CB225-6ACE-4171-9FE1-85038F5A452F}.Release|x64.ActiveCfg = Release|Any CPU
		{804CB225-6ACE-4171-9FE1-85038F5A452F}.Release|x64.Build.0 = Release|Any CPU
		{804CB225-6ACE-4171-9FE1-85038F5A452F}.Release|x86.ActiveCfg = Release|Any CPU
		{804CB225-6ACE-4171-9FE1-85038F5A452F}.Release|x86.Build.0 = Release|Any CPU
		{15B41BEB-03B7-4B88-A6FA-A97F65202B43}.Debug|Any CPU.ActiveCfg = Debug|Any CPU
		{15B41BEB-03B7-4B88-A6FA-A97F65202B43}.Debug|Any CPU.Build.0 = Debug|Any CPU
		{15B41BEB-03B7-4B88-A6FA-A97F65202B43}.Debug|Mixed Platforms.ActiveCfg = Debug|Any CPU
		{15B41BEB-03B7-4B88-A6FA-A97F65202B43}.Debug|Mixed Platforms.Build.0 = Debug|Any CPU
		{15B41BEB-03B7-4B88-A6FA-A97F65202B43}.Debug|x64.ActiveCfg = Debug|Any CPU
		{15B41BEB-03B7-4B88-A6FA-A97F65202B43}.Debug|x64.Build.0 = Debug|Any CPU
		{15B41BEB-03B7-4B88-A6FA-A97F65202B43}.Debug|x86.ActiveCfg = Debug|Any CPU
		{15B41BEB-03B7-4B88-A6FA-A97F65202B43}.Debug|x86.Build.0 = Debug|Any CPU
		{15B41BEB-03B7-4B88-A6FA-A97F65202B43}.Release|Any CPU.ActiveCfg = Release|Any CPU
		{15B41BEB-03B7-4B88-A6FA-A97F65202B43}.Release|Any CPU.Build.0 = Release|Any CPU
		{15B41BEB-03B7-4B88-A6FA-A97F65202B43}.Release|Mixed Platforms.ActiveCfg = Release|Any CPU
		{15B41BEB-03B7-4B88-A6FA-A97F65202B43}.Release|Mixed Platforms.Build.0 = Release|Any CPU
		{15B41BEB-03B7-4B88-A6FA-A97F65202B43}.Release|x64.ActiveCfg = Release|Any CPU
		{15B41BEB-03B7-4B88-A6FA-A97F65202B43}.Release|x64.Build.0 = Release|Any CPU
		{15B41BEB-03B7-4B88-A6FA-A97F65202B43}.Release|x86.ActiveCfg = Release|Any CPU
		{15B41BEB-03B7-4B88-A6FA-A97F65202B43}.Release|x86.Build.0 = Release|Any CPU
		{37A22F40-1137-46F7-9260-B68CCFB1EA6E}.Debug|Any CPU.ActiveCfg = Debug|Any CPU
		{37A22F40-1137-46F7-9260-B68CCFB1EA6E}.Debug|Any CPU.Build.0 = Debug|Any CPU
		{37A22F40-1137-46F7-9260-B68CCFB1EA6E}.Debug|Mixed Platforms.ActiveCfg = Debug|Any CPU
		{37A22F40-1137-46F7-9260-B68CCFB1EA6E}.Debug|Mixed Platforms.Build.0 = Debug|Any CPU
		{37A22F40-1137-46F7-9260-B68CCFB1EA6E}.Debug|x64.ActiveCfg = Debug|Any CPU
		{37A22F40-1137-46F7-9260-B68CCFB1EA6E}.Debug|x64.Build.0 = Debug|Any CPU
		{37A22F40-1137-46F7-9260-B68CCFB1EA6E}.Debug|x86.ActiveCfg = Debug|Any CPU
		{37A22F40-1137-46F7-9260-B68CCFB1EA6E}.Debug|x86.Build.0 = Debug|Any CPU
		{37A22F40-1137-46F7-9260-B68CCFB1EA6E}.Release|Any CPU.ActiveCfg = Release|Any CPU
		{37A22F40-1137-46F7-9260-B68CCFB1EA6E}.Release|Any CPU.Build.0 = Release|Any CPU
		{37A22F40-1137-46F7-9260-B68CCFB1EA6E}.Release|Mixed Platforms.ActiveCfg = Release|Any CPU
		{37A22F40-1137-46F7-9260-B68CCFB1EA6E}.Release|Mixed Platforms.Build.0 = Release|Any CPU
		{37A22F40-1137-46F7-9260-B68CCFB1EA6E}.Release|x64.ActiveCfg = Release|Any CPU
		{37A22F40-1137-46F7-9260-B68CCFB1EA6E}.Release|x64.Build.0 = Release|Any CPU
		{37A22F40-1137-46F7-9260-B68CCFB1EA6E}.Release|x86.ActiveCfg = Release|Any CPU
		{37A22F40-1137-46F7-9260-B68CCFB1EA6E}.Release|x86.Build.0 = Release|Any CPU
		{067182C7-8A53-422C-AF0B-F0B4633E2C78}.Debug|Any CPU.ActiveCfg = Debug|Any CPU
		{067182C7-8A53-422C-AF0B-F0B4633E2C78}.Debug|Any CPU.Build.0 = Debug|Any CPU
		{067182C7-8A53-422C-AF0B-F0B4633E2C78}.Debug|Mixed Platforms.ActiveCfg = Debug|Any CPU
		{067182C7-8A53-422C-AF0B-F0B4633E2C78}.Debug|Mixed Platforms.Build.0 = Debug|Any CPU
		{067182C7-8A53-422C-AF0B-F0B4633E2C78}.Debug|x64.ActiveCfg = Debug|Any CPU
		{067182C7-8A53-422C-AF0B-F0B4633E2C78}.Debug|x64.Build.0 = Debug|Any CPU
		{067182C7-8A53-422C-AF0B-F0B4633E2C78}.Debug|x86.ActiveCfg = Debug|Any CPU
		{067182C7-8A53-422C-AF0B-F0B4633E2C78}.Debug|x86.Build.0 = Debug|Any CPU
		{067182C7-8A53-422C-AF0B-F0B4633E2C78}.Release|Any CPU.ActiveCfg = Release|Any CPU
		{067182C7-8A53-422C-AF0B-F0B4633E2C78}.Release|Any CPU.Build.0 = Release|Any CPU
		{067182C7-8A53-422C-AF0B-F0B4633E2C78}.Release|Mixed Platforms.ActiveCfg = Release|Any CPU
		{067182C7-8A53-422C-AF0B-F0B4633E2C78}.Release|Mixed Platforms.Build.0 = Release|Any CPU
		{067182C7-8A53-422C-AF0B-F0B4633E2C78}.Release|x64.ActiveCfg = Release|Any CPU
		{067182C7-8A53-422C-AF0B-F0B4633E2C78}.Release|x64.Build.0 = Release|Any CPU
		{067182C7-8A53-422C-AF0B-F0B4633E2C78}.Release|x86.ActiveCfg = Release|Any CPU
		{067182C7-8A53-422C-AF0B-F0B4633E2C78}.Release|x86.Build.0 = Release|Any CPU
		{8B31549C-624D-4F80-B8BE-1EA0D50FC2A1}.Debug|Any CPU.ActiveCfg = Debug|Win32
		{8B31549C-624D-4F80-B8BE-1EA0D50FC2A1}.Debug|Mixed Platforms.ActiveCfg = Debug|Win32
		{8B31549C-624D-4F80-B8BE-1EA0D50FC2A1}.Debug|Mixed Platforms.Build.0 = Debug|Win32
		{8B31549C-624D-4F80-B8BE-1EA0D50FC2A1}.Debug|x64.ActiveCfg = Debug|Win32
		{8B31549C-624D-4F80-B8BE-1EA0D50FC2A1}.Debug|x64.Build.0 = Debug|Win32
		{8B31549C-624D-4F80-B8BE-1EA0D50FC2A1}.Debug|x86.ActiveCfg = Debug|Win32
		{8B31549C-624D-4F80-B8BE-1EA0D50FC2A1}.Debug|x86.Build.0 = Debug|Win32
		{8B31549C-624D-4F80-B8BE-1EA0D50FC2A1}.Release|Any CPU.ActiveCfg = Release|Win32
		{8B31549C-624D-4F80-B8BE-1EA0D50FC2A1}.Release|Mixed Platforms.ActiveCfg = Release|Win32
		{8B31549C-624D-4F80-B8BE-1EA0D50FC2A1}.Release|Mixed Platforms.Build.0 = Release|Win32
		{8B31549C-624D-4F80-B8BE-1EA0D50FC2A1}.Release|x64.ActiveCfg = Release|Win32
		{8B31549C-624D-4F80-B8BE-1EA0D50FC2A1}.Release|x64.Build.0 = Release|Win32
		{8B31549C-624D-4F80-B8BE-1EA0D50FC2A1}.Release|x86.ActiveCfg = Release|Win32
		{8B31549C-624D-4F80-B8BE-1EA0D50FC2A1}.Release|x86.Build.0 = Release|Win32
		{EC48F459-91DE-484D-AA12-14562C1DC38A}.Debug|Any CPU.ActiveCfg = Debug|Any CPU
		{EC48F459-91DE-484D-AA12-14562C1DC38A}.Debug|Any CPU.Build.0 = Debug|Any CPU
		{EC48F459-91DE-484D-AA12-14562C1DC38A}.Debug|Mixed Platforms.ActiveCfg = Debug|Any CPU
		{EC48F459-91DE-484D-AA12-14562C1DC38A}.Debug|Mixed Platforms.Build.0 = Debug|Any CPU
		{EC48F459-91DE-484D-AA12-14562C1DC38A}.Debug|x64.ActiveCfg = Debug|Any CPU
		{EC48F459-91DE-484D-AA12-14562C1DC38A}.Debug|x86.ActiveCfg = Debug|Any CPU
		{EC48F459-91DE-484D-AA12-14562C1DC38A}.Release|Any CPU.ActiveCfg = Release|Any CPU
		{EC48F459-91DE-484D-AA12-14562C1DC38A}.Release|Any CPU.Build.0 = Release|Any CPU
		{EC48F459-91DE-484D-AA12-14562C1DC38A}.Release|Mixed Platforms.ActiveCfg = Release|Any CPU
		{EC48F459-91DE-484D-AA12-14562C1DC38A}.Release|Mixed Platforms.Build.0 = Release|Any CPU
		{EC48F459-91DE-484D-AA12-14562C1DC38A}.Release|x64.ActiveCfg = Release|Any CPU
		{EC48F459-91DE-484D-AA12-14562C1DC38A}.Release|x86.ActiveCfg = Release|Any CPU
		{B9CB870E-8D1C-4165-B1C8-48ACCB38765D}.Debug|Any CPU.ActiveCfg = Debug
		{B9CB870E-8D1C-4165-B1C8-48ACCB38765D}.Debug|Any CPU.Build.0 = Debug
		{B9CB870E-8D1C-4165-B1C8-48ACCB38765D}.Debug|Mixed Platforms.ActiveCfg = Debug
		{B9CB870E-8D1C-4165-B1C8-48ACCB38765D}.Debug|Mixed Platforms.Build.0 = Debug
		{B9CB870E-8D1C-4165-B1C8-48ACCB38765D}.Debug|x64.ActiveCfg = Debug
		{B9CB870E-8D1C-4165-B1C8-48ACCB38765D}.Debug|x64.Build.0 = Debug
		{B9CB870E-8D1C-4165-B1C8-48ACCB38765D}.Debug|x86.ActiveCfg = Debug
		{B9CB870E-8D1C-4165-B1C8-48ACCB38765D}.Debug|x86.Build.0 = Debug
		{B9CB870E-8D1C-4165-B1C8-48ACCB38765D}.Release|Any CPU.ActiveCfg = Release
		{B9CB870E-8D1C-4165-B1C8-48ACCB38765D}.Release|Any CPU.Build.0 = Release
		{B9CB870E-8D1C-4165-B1C8-48ACCB38765D}.Release|Mixed Platforms.ActiveCfg = Release
		{B9CB870E-8D1C-4165-B1C8-48ACCB38765D}.Release|Mixed Platforms.Build.0 = Release
		{B9CB870E-8D1C-4165-B1C8-48ACCB38765D}.Release|x64.ActiveCfg = Release
		{B9CB870E-8D1C-4165-B1C8-48ACCB38765D}.Release|x64.Build.0 = Release
		{B9CB870E-8D1C-4165-B1C8-48ACCB38765D}.Release|x86.ActiveCfg = Release
		{B9CB870E-8D1C-4165-B1C8-48ACCB38765D}.Release|x86.Build.0 = Release
	EndGlobalSection
	GlobalSection(SolutionProperties) = preSolution
		HideSolutionNode = FALSE
	EndGlobalSection
EndGlobal
